
Microsoft Visual Studio Solution File, Format Version 12.00
# Visual Studio Version 17
VisualStudioVersion = 17.4.33205.214
MinimumVisualStudioVersion = 10.0.40219.1
Project("{FAE04EC0-301F-11D3-BF4B-00C04F79EFBC}") = "BankingApp.Presentation", "BankingApp.Presentation\BankingApp.Presentation.csproj", "{9B466D76-76F6-4C2E-8955-8B0C72C74C7E}"
EndProject
Project("{FAE04EC0-301F-11D3-BF4B-00C04F79EFBC}") = "BankingApp.EntityLayer", "BankingApp.EntityLayer\BankingApp.EntityLayer.csproj", "{2A56F816-93F6-4976-904D-853EB83B652C}"
EndProject
Project("{FAE04EC0-301F-11D3-BF4B-00C04F79EFBC}") = "BankingApp.DAL", "BankingApp.DAL\BankingApp.DAL.csproj", "{7D287D0A-424D-459A-A490-F71BF0EDD065}"
EndProject
Project("{FAE04EC0-301F-11D3-BF4B-00C04F79EFBC}") = "BankingApp.DTOLayer", "BankingApp.DTOLayer\BankingApp.DTOLayer.csproj", "{6140C451-6694-42FA-8B88-65D826011D2B}"
EndProject
Project("{FAE04EC0-301F-11D3-BF4B-00C04F79EFBC}") = "BankingApp.BusinessLayer", "BankingApp.BusinessLayer\BankingApp.BusinessLayer.csproj", "{D6EE2967-EC41-4529-8226-61C796558007}"
EndProject
Project("{FAE04EC0-301F-11D3-BF4B-00C04F79EFBC}") = "BankingApp.API", "BankingApp.API\BankingApp.API.csproj", "{F87B6EC4-A1A5-4B0E-92D2-26B16A8B1D90}"
EndProject
Global
	GlobalSection(SolutionConfigurationPlatforms) = preSolution
		Debug|Any CPU = Debug|Any CPU
		Release|Any CPU = Release|Any CPU
	EndGlobalSection
	GlobalSection(ProjectConfigurationPlatforms) = postSolution
		{9B466D76-76F6-4C2E-8955-8B0C72C74C7E}.Debug|Any CPU.ActiveCfg = Debug|Any CPU
		{9B466D76-76F6-4C2E-8955-8B0C72C74C7E}.Debug|Any CPU.Build.0 = Debug|Any CPU
		{9B466D76-76F6-4C2E-8955-8B0C72C74C7E}.Release|Any CPU.ActiveCfg = Release|Any CPU
		{9B466D76-76F6-4C2E-8955-8B0C72C74C7E}.Release|Any CPU.Build.0 = Release|Any CPU
		{2A56F816-93F6-4976-904D-853EB83B652C}.Debug|Any CPU.ActiveCfg = Debug|Any CPU
		{2A56F816-93F6-4976-904D-853EB83B652C}.Debug|Any CPU.Build.0 = Debug|Any CPU
		{2A56F816-93F6-4976-904D-853EB83B652C}.Release|Any CPU.ActiveCfg = Release|Any CPU
		{2A56F816-93F6-4976-904D-853EB83B652C}.Release|Any CPU.Build.0 = Release|Any CPU
		{7D287D0A-424D-459A-A490-F71BF0EDD065}.Debug|Any CPU.ActiveCfg = Debug|Any CPU
		{7D287D0A-424D-459A-A490-F71BF0EDD065}.Debug|Any CPU.Build.0 = Debug|Any CPU
		{7D287D0A-424D-459A-A490-F71BF0EDD065}.Release|Any CPU.ActiveCfg = Release|Any CPU
		{7D287D0A-424D-459A-A490-F71BF0EDD065}.Release|Any CPU.Build.0 = Release|Any CPU
		{6140C451-6694-42FA-8B88-65D826011D2B}.Debug|Any CPU.ActiveCfg = Debug|Any CPU
		{6140C451-6694-42FA-8B88-65D826011D2B}.Debug|Any CPU.Build.0 = Debug|Any CPU
		{6140C451-6694-42FA-8B88-65D826011D2B}.Release|Any CPU.ActiveCfg = Release|Any CPU
		{6140C451-6694-42FA-8B88-65D826011D2B}.Release|Any CPU.Build.0 = Release|Any CPU
		{D6EE2967-EC41-4529-8226-61C796558007}.Debug|Any CPU.ActiveCfg = Debug|Any CPU
		{D6EE2967-EC41-4529-8226-61C796558007}.Debug|Any CPU.Build.0 = Debug|Any CPU
		{D6EE2967-EC41-4529-8226-61C796558007}.Release|Any CPU.ActiveCfg = Release|Any CPU
		{D6EE2967-EC41-4529-8226-61C796558007}.Release|Any CPU.Build.0 = Release|Any CPU
		{F87B6EC4-A1A5-4B0E-92D2-26B16A8B1D90}.Debug|Any CPU.ActiveCfg = Debug|Any CPU
		{F87B6EC4-A1A5-4B0E-92D2-26B16A8B1D90}.Debug|Any CPU.Build.0 = Debug|Any CPU
		{F87B6EC4-A1A5-4B0E-92D2-26B16A8B1D90}.Release|Any CPU.ActiveCfg = Release|Any CPU
		{F87B6EC4-A1A5-4B0E-92D2-26B16A8B1D90}.Release|Any CPU.Build.0 = Release|Any CPU
	EndGlobalSection
	GlobalSection(SolutionProperties) = preSolution
		HideSolutionNode = FALSE
	EndGlobalSection
	GlobalSection(ExtensibilityGlobals) = postSolution
		SolutionGuid = {81A9B35E-F7DF-4373-A1F6-A9AC215ACDE7}
	EndGlobalSection
EndGlobal
